{
  "name": "city-partner-mpp",
  "lockfileVersion": 3,
  "requires": true,
  "packages": {
    "": {
      "dependencies": {
        "tdesign-miniprogram": "^1.2.7",
        "wxministore": "^1.3.1"
      }
    },
    "node_modules/dayjs": {
      "version": "1.11.10",
      "resolved": "https://registry.npmjs.org/dayjs/-/dayjs-1.11.10.tgz",
      "integrity": "sha512-vjAczensTgRcqDERK0SR2XMwsF/tSvnvlv6VcF2GIhg6Sx4yOIt/irsr1RDJsKiIyBzJDpCoXiWWq28MqH2cnQ=="
    },
    "node_modules/tdesign-miniprogram": {
      "version": "1.2.7",
      "resolved": "https://registry.npmjs.org/tdesign-miniprogram/-/tdesign-miniprogram-1.2.7.tgz",
      "integrity": "sha512-pcx6CQtJFca6t3JK/e6MTkFNS1fyrLP4z9T2AYVkKnk9M4cY/GUNRXSxzbeWCx3zovb2BbOC6YoT8YWlbnRE8Q==",
      "dependencies": {
        "dayjs": "^1.10.7"
      }
    },
    "node_modules/wxministore": {
      "version": "1.3.1",
      "resolved": "https://registry.npmmirror.com/wxministore/-/wxministore-1.3.1.tgz",
      "integrity": "sha512-J/HAIv2C9pnkPvhxjBOFp4Tbf4y54pbGzD5pqyH1QT5oSfmVrmBJj/paixBEEfD3QjX7UHz1SSACdpdzCowlrw=="
    }
  }
}
